
Microsoft Visual Studio Solution File, Format Version 12.00
# Visual Studio Version 17
VisualStudioVersion = 17.14.36203.30 d17.14
MinimumVisualStudioVersion = 10.0.40219.1
Project("{FAE04EC0-301F-11D3-BF4B-00C04F79EFBC}") = "Transaction_tracker", "Transaction_tracker.csproj", "{48F2C147-73A3-47C3-B2AA-2E43B4B36329}"
EndProject
Global
	GlobalSection(SolutionConfigurationPlatforms) = preSolution
		Debug|Any CPU = Debug|Any CPU
		Release|Any CPU = Release|Any CPU
	EndGlobalSection
	GlobalSection(ProjectConfigurationPlatforms) = postSolution
		{48F2C147-73A3-47C3-B2AA-2E43B4B36329}.Debug|Any CPU.ActiveCfg = Debug|Any CPU
		{48F2C147-73A3-47C3-B2AA-2E43B4B36329}.Debug|Any CPU.Build.0 = Debug|Any CPU
		{48F2C147-73A3-47C3-B2AA-2E43B4B36329}.Release|Any CPU.ActiveCfg = Release|Any CPU
		{48F2C147-73A3-47C3-B2AA-2E43B4B36329}.Release|Any CPU.Build.0 = Release|Any CPU
	EndGlobalSection
	GlobalSection(SolutionProperties) = preSolution
		HideSolutionNode = FALSE
	EndGlobalSection
	GlobalSection(ExtensibilityGlobals) = postSolution
		SolutionGuid = {D637C1B8-4066-4A48-93F9-7D58370D37D2}
	EndGlobalSection
EndGlobal
